
Microsoft Visual Studio Solution File, Format Version 12.00
# Visual Studio Version 16
VisualStudioVersion = 16.0.30413.136
MinimumVisualStudioVersion = 10.0.40219.1
Project("{FAE04EC0-301F-11D3-BF4B-00C04F79EFBC}") = "Geometri opgave", "Geometri opgave\Geometri opgave.csproj", "{C8C7C256-913E-4ACF-80D9-A91F06EEC111}"
EndProject
Global
	GlobalSection(SolutionConfigurationPlatforms) = preSolution
		Debug|Any CPU = Debug|Any CPU
		Release|Any CPU = Release|Any CPU
	EndGlobalSection
	GlobalSection(ProjectConfigurationPlatforms) = postSolution
		{C8C7C256-913E-4ACF-80D9-A91F06EEC111}.Debug|Any CPU.ActiveCfg = Debug|Any CPU
		{C8C7C256-913E-4ACF-80D9-A91F06EEC111}.Debug|Any CPU.Build.0 = Debug|Any CPU
		{C8C7C256-913E-4ACF-80D9-A91F06EEC111}.Release|Any CPU.ActiveCfg = Release|Any CPU
		{C8C7C256-913E-4ACF-80D9-A91F06EEC111}.Release|Any CPU.Build.0 = Release|Any CPU
	EndGlobalSection
	GlobalSection(SolutionProperties) = preSolution
		HideSolutionNode = FALSE
	EndGlobalSection
	GlobalSection(ExtensibilityGlobals) = postSolution
		SolutionGuid = {4963E370-2482-425C-922F-84F6B6E3536C}
	EndGlobalSection
EndGlobal
